{
  "version": 2,
  "dependencies": {
    "net9.0": {
      "DotMake.CommandLine": {
        "type": "Direct",
        "requested": "[3.1.0, )",
        "resolved": "3.1.0",
        "contentHash": "n9l6n2jl2vZpAWhjt+UGe8dm1t/w1hfcZoldBPSfWWj+5EBMVbMsn3jdWJTww2bdMx4yT3wix4J3GH4qi96LZw==",
        "dependencies": {
          "System.CommandLine": "2.0.0"
        }
      },
      "GitVersion.MsBuild": {
        "type": "Direct",
        "requested": "[6.5.1, )",
        "resolved": "6.5.1",
        "contentHash": "92zAmfGWVtjHM8eR7O+1WWxqP+gulXvVqu3Sb1+KzuImdmxBt/bln/dMRvsIyV69KEiSrtbUoet4HBjG+bOLyw=="
      },
      "Humanizer.Core": {
        "type": "Direct",
        "requested": "[3.0.1, )",
        "resolved": "3.0.1",
        "contentHash": "scB3+KcxNmEjZK5V8rKCW2gIiL8m8KH91w14FuuExyhi9xTyAJ+jr+DDxGdy12mHmioe2uvjxTfMgM7WmSUFlw=="
      },
      "IDisposableAnalyzers": {
        "type": "Direct",
        "requested": "[4.0.8, )",
        "resolved": "4.0.8",
        "contentHash": "vNi4NMG0CcJyjXxiNDcQ21FwV/whM9o9OEZKD+oP7tuxAqFEzX/x5OhC3OZJqW/w+8GOtCmJPBquYgMWgz0rfQ=="
      },
      "Polyfill": {
        "type": "Direct",
        "requested": "[9.5.0, )",
        "resolved": "9.5.0",
        "contentHash": "T3E8+K+W0u78495PwSSJOzT6QUbnZSdkDK4B3nfvxUo9nctDr6ChSDLV4l/RD2ZmA5oHM2YbLvyp+a2uE0ftOQ=="
      },
      "System.Text.Json": {
        "type": "Direct",
        "requested": "[10.0.1, )",
        "resolved": "10.0.1",
        "contentHash": "EsgwDgU1PFqhrFA9l5n+RBu76wFhNGCEwu8ITrBNhjPP3MxLyklroU5GIF8o6JYpYg6T4KD/VICfMdgPAvNp5g==",
        "dependencies": {
          "System.IO.Pipelines": "10.0.1",
          "System.Text.Encodings.Web": "10.0.1"
        }
      },
      "System.CommandLine": {
        "type": "Transitive",
        "resolved": "2.0.0",
        "contentHash": "Bjklzc5NoxqAGFi7BcGlY2TWAdB06Bq3a5sfRr3ubMRU80Mf98eyq3Y2UgR6xRV0TLznZmfe5T7mUjOunRNcdA=="
      },
      "System.IO.Pipelines": {
        "type": "Transitive",
        "resolved": "10.0.1",
        "contentHash": "26LbFXHKd7PmRnWlkjnYgmjd5B6HYVG+1MpTO25BdxTJnx6D0O16JPAC/S4YBqjtt4YpfGj1QO/Ss6SPMGEGQw=="
      },
      "System.Text.Encodings.Web": {
        "type": "CentralTransitive",
        "requested": "[10.0.1, )",
        "resolved": "10.0.1",
        "contentHash": "cVAka0o1rJJ5/De0pjNs7jcaZk5hUGf1HGzUyVmE2MEB1Vf0h/8qsWxImk1zjitCbeD2Avaq2P2+usdvqgbeVQ=="
      }
    }
  }
}