{
  "version": 2,
  "dependencies": {
    "net9.0": {
      "DotMake.CommandLine": {
        "type": "Direct",
        "requested": "[3.1.0, )",
        "resolved": "3.1.0",
        "contentHash": "n9l6n2jl2vZpAWhjt+UGe8dm1t/w1hfcZoldBPSfWWj+5EBMVbMsn3jdWJTww2bdMx4yT3wix4J3GH4qi96LZw==",
        "dependencies": {
          "System.CommandLine": "2.0.0"
        }
      },
      "GitVersion.MsBuild": {
        "type": "Direct",
        "requested": "[6.6.0, )",
        "resolved": "6.6.0",
        "contentHash": "DleYRs4QwkTFmqODJKBgQ3wRbPytZ/Zb5ZdBczUslXkAizp+2vVS+NuivgjwzZNnLKyVFa3IYUAcGbcMAgs3Ww=="
      },
      "Humanizer.Core": {
        "type": "Direct",
        "requested": "[3.0.1, )",
        "resolved": "3.0.1",
        "contentHash": "scB3+KcxNmEjZK5V8rKCW2gIiL8m8KH91w14FuuExyhi9xTyAJ+jr+DDxGdy12mHmioe2uvjxTfMgM7WmSUFlw=="
      },
      "IDisposableAnalyzers": {
        "type": "Direct",
        "requested": "[4.0.8, )",
        "resolved": "4.0.8",
        "contentHash": "vNi4NMG0CcJyjXxiNDcQ21FwV/whM9o9OEZKD+oP7tuxAqFEzX/x5OhC3OZJqW/w+8GOtCmJPBquYgMWgz0rfQ=="
      },
      "Polyfill": {
        "type": "Direct",
        "requested": "[9.9.0, )",
        "resolved": "9.9.0",
        "contentHash": "8ymBWAxuBo7oAbJc9NyKrYVwaLYnpuFi+VA6w1qIJl8L53mIFjjg+fkt+cjpg5mO2Ih4l8n1RY8eL6264JEuLA=="
      },
      "System.Text.Json": {
        "type": "Direct",
        "requested": "[10.0.3, )",
        "resolved": "10.0.3",
        "contentHash": "NTUt9DL+maqbgrIYCAmeZUbX0NoXaueySyjW/bdOlFdSUDC1l51XnsbVEuj5tuad12vdq5Sviskp9uMVGgCNLw==",
        "dependencies": {
          "System.IO.Pipelines": "10.0.3",
          "System.Text.Encodings.Web": "10.0.3"
        }
      },
      "System.CommandLine": {
        "type": "Transitive",
        "resolved": "2.0.0",
        "contentHash": "Bjklzc5NoxqAGFi7BcGlY2TWAdB06Bq3a5sfRr3ubMRU80Mf98eyq3Y2UgR6xRV0TLznZmfe5T7mUjOunRNcdA=="
      },
      "System.IO.Pipelines": {
        "type": "Transitive",
        "resolved": "10.0.3",
        "contentHash": "WMxiA2jGdHnRBmoVK55YUq5VPaxW0Sg2frPtXV+urUMvpqHIga6lleV/YuryHIuGsAKVjQAjv6PrQ6IJpoLohQ=="
      },
      "System.Text.Encodings.Web": {
        "type": "CentralTransitive",
        "requested": "[10.0.1, )",
        "resolved": "10.0.3",
        "contentHash": "l8QNBPp92bVzl9Kw8nNtm1uYRNNhUrdulZjM4a8YK/QGNa8z9utKsC0bDoPB+Vq8LOlbD3fIyGlabtz80jT7cw=="
      }
    }
  }
}